{
  "version": 4,
  "terraform_version": "1.9.6",
  "serial": 37,
  "lineage": "4528dd3c-920c-a731-c7fa-493f2c67472e",
  "outputs": {
    "user_arn": {
      "value": [
        "arn:aws:iam::438465160967:user/tucker",
        "arn:aws:iam::438465160967:user/annie",
        "arn:aws:iam::438465160967:user/josh"
      ],
      "type": [
        "tuple",
        [
          "string",
          "string",
          "string"
        ]
      ]
    }
  },
  "resources": [
    {
      "mode": "managed",
      "type": "aws_iam_user",
      "name": "demousers",
      "provider": "provider[\"registry.terraform.io/hashicorp/aws\"]",
      "instances": [
        {
          "index_key": 0,
          "schema_version": 0,
          "attributes": {
            "arn": "arn:aws:iam::438465160967:user/tucker",
            "force_destroy": false,
            "id": "tucker",
            "name": "tucker",
            "path": "/",
            "permissions_boundary": null,
            "tags": null,
            "tags_all": {},
            "unique_id": "AIDAWMFUPM4D4TGSG3HEJ"
          },
          "sensitive_attributes": [],
          "private": "bnVsbA=="
        },
        {
          "index_key": 1,
          "schema_version": 0,
          "attributes": {
            "arn": "arn:aws:iam::438465160967:user/annie",
            "force_destroy": false,
            "id": "annie",
            "name": "annie",
            "path": "/",
            "permissions_boundary": null,
            "tags": null,
            "tags_all": {},
            "unique_id": "AIDAWMFUPM4DTW7OMWPMN"
          },
          "sensitive_attributes": [],
          "private": "bnVsbA=="
        },
        {
          "index_key": 2,
          "schema_version": 0,
          "attributes": {
            "arn": "arn:aws:iam::438465160967:user/josh",
            "force_destroy": false,
            "id": "josh",
            "name": "josh",
            "path": "/",
            "permissions_boundary": null,
            "tags": null,
            "tags_all": {},
            "unique_id": "AIDAWMFUPM4DSJBX3HZ27"
          },
          "sensitive_attributes": [],
          "private": "bnVsbA=="
        }
      ]
    }
  ],
  "check_results": null
}
